
Microsoft Visual Studio Solution File, Format Version 12.00
# Visual Studio Version 17
VisualStudioVersion = 17.5.33516.290
MinimumVisualStudioVersion = 10.0.40219.1
Project("{FAE04EC0-301F-11D3-BF4B-00C04F79EFBC}") = "SmallProjects", "SmallProjects\SmallProjects.csproj", "{CA2C304B-816E-4064-96A8-0C610671F200}"
EndProject
Project("{FAE04EC0-301F-11D3-BF4B-00C04F79EFBC}") = "TreeTraversal", "TreeTraversal\TreeTraversal.csproj", "{ECCA76F9-3486-434B-BA08-F1CA1B78FCE3}"
EndProject
Project("{FAE04EC0-301F-11D3-BF4B-00C04F79EFBC}") = "BubbleFinder", "BubbleFinder\BubbleFinder.csproj", "{42634BB5-DBBC-469F-B8AA-8D7EB72992F9}"
EndProject
Project("{FAE04EC0-301F-11D3-BF4B-00C04F79EFBC}") = "CaveBubbleFinder", "CaveBubbleFinder\CaveBubbleFinder.csproj", "{AF39DA2A-905F-4FB5-9202-303CBB2DECF4}"
EndProject
Global
	GlobalSection(SolutionConfigurationPlatforms) = preSolution
		Debug|Any CPU = Debug|Any CPU
		Release|Any CPU = Release|Any CPU
	EndGlobalSection
	GlobalSection(ProjectConfigurationPlatforms) = postSolution
		{CA2C304B-816E-4064-96A8-0C610671F200}.Debug|Any CPU.ActiveCfg = Debug|Any CPU
		{CA2C304B-816E-4064-96A8-0C610671F200}.Debug|Any CPU.Build.0 = Debug|Any CPU
		{CA2C304B-816E-4064-96A8-0C610671F200}.Release|Any CPU.ActiveCfg = Release|Any CPU
		{CA2C304B-816E-4064-96A8-0C610671F200}.Release|Any CPU.Build.0 = Release|Any CPU
		{ECCA76F9-3486-434B-BA08-F1CA1B78FCE3}.Debug|Any CPU.ActiveCfg = Debug|Any CPU
		{ECCA76F9-3486-434B-BA08-F1CA1B78FCE3}.Debug|Any CPU.Build.0 = Debug|Any CPU
		{ECCA76F9-3486-434B-BA08-F1CA1B78FCE3}.Release|Any CPU.ActiveCfg = Release|Any CPU
		{ECCA76F9-3486-434B-BA08-F1CA1B78FCE3}.Release|Any CPU.Build.0 = Release|Any CPU
		{42634BB5-DBBC-469F-B8AA-8D7EB72992F9}.Debug|Any CPU.ActiveCfg = Debug|Any CPU
		{42634BB5-DBBC-469F-B8AA-8D7EB72992F9}.Debug|Any CPU.Build.0 = Debug|Any CPU
		{42634BB5-DBBC-469F-B8AA-8D7EB72992F9}.Release|Any CPU.ActiveCfg = Release|Any CPU
		{42634BB5-DBBC-469F-B8AA-8D7EB72992F9}.Release|Any CPU.Build.0 = Release|Any CPU
		{AF39DA2A-905F-4FB5-9202-303CBB2DECF4}.Debug|Any CPU.ActiveCfg = Debug|Any CPU
		{AF39DA2A-905F-4FB5-9202-303CBB2DECF4}.Debug|Any CPU.Build.0 = Debug|Any CPU
		{AF39DA2A-905F-4FB5-9202-303CBB2DECF4}.Release|Any CPU.ActiveCfg = Release|Any CPU
		{AF39DA2A-905F-4FB5-9202-303CBB2DECF4}.Release|Any CPU.Build.0 = Release|Any CPU
	EndGlobalSection
	GlobalSection(SolutionProperties) = preSolution
		HideSolutionNode = FALSE
	EndGlobalSection
	GlobalSection(ExtensibilityGlobals) = postSolution
		SolutionGuid = {8F5BFC54-19D8-4069-B115-9C10F83A1570}
	EndGlobalSection
EndGlobal
